
Microsoft Visual Studio Solution File, Format Version 12.00
# Visual Studio Version 16
VisualStudioVersion = 16.0.30225.117
MinimumVisualStudioVersion = 10.0.40219.1
Project("{FAE04EC0-301F-11D3-BF4B-00C04F79EFBC}") = "ApiRestXamarin", "ApiRestXamarin\ApiRestXamarin.csproj", "{3C9FED6F-44A7-4DBF-8818-DB15C2D556C0}"
EndProject
Global
	GlobalSection(SolutionConfigurationPlatforms) = preSolution
		Debug|Any CPU = Debug|Any CPU
		Release|Any CPU = Release|Any CPU
	EndGlobalSection
	GlobalSection(ProjectConfigurationPlatforms) = postSolution
		{3C9FED6F-44A7-4DBF-8818-DB15C2D556C0}.Debug|Any CPU.ActiveCfg = Debug|Any CPU
		{3C9FED6F-44A7-4DBF-8818-DB15C2D556C0}.Debug|Any CPU.Build.0 = Debug|Any CPU
		{3C9FED6F-44A7-4DBF-8818-DB15C2D556C0}.Release|Any CPU.ActiveCfg = Release|Any CPU
		{3C9FED6F-44A7-4DBF-8818-DB15C2D556C0}.Release|Any CPU.Build.0 = Release|Any CPU
	EndGlobalSection
	GlobalSection(SolutionProperties) = preSolution
		HideSolutionNode = FALSE
	EndGlobalSection
	GlobalSection(ExtensibilityGlobals) = postSolution
		SolutionGuid = {30846DC2-0B68-4D95-AA26-743354A282C6}
	EndGlobalSection
EndGlobal
